
Microsoft Visual Studio Solution File, Format Version 12.00
# Visual Studio 15
VisualStudioVersion = 15.0.26206.0
MinimumVisualStudioVersion = 10.0.40219.1
Project("{9A19103F-16F7-4668-BE54-9A1E7A4F7556}") = "Core", "src\Core\Core.csproj", "{2648A7D9-0D83-4D8F-BD88-9FC891879107}"
EndProject
Project("{9A19103F-16F7-4668-BE54-9A1E7A4F7556}") = "LogStore", "src\LogStore\LogStore.csproj", "{6A660CCA-32BD-479F-A50B-84714AE7096E}"
EndProject
Project("{9A19103F-16F7-4668-BE54-9A1E7A4F7556}") = "SerializingStore", "src\SerializingStore\SerializingStore.csproj", "{EE8DC560-FD82-4D15-819C-CB9F39F2FAC9}"
EndProject
Project("{9A19103F-16F7-4668-BE54-9A1E7A4F7556}") = "Azure", "src\Azure\Azure.csproj", "{0BEB700D-97A6-4B4B-BD5F-2DC06883698C}"
EndProject
Project("{2150E333-8FDC-42A3-9474-1A3956D46DE8}") = "Tests", "Tests", "{C750C8D7-6AE7-4642-9656-5D6CCBBA6D78}"
EndProject
Project("{FAE04EC0-301F-11D3-BF4B-00C04F79EFBC}") = "Azure Tests", "tests\Azure Tests\Azure Tests.csproj", "{9F9063B5-D447-461C-A278-DA38B9CF6312}"
EndProject
Global
	GlobalSection(SolutionConfigurationPlatforms) = preSolution
		Debug|Any CPU = Debug|Any CPU
		Release|Any CPU = Release|Any CPU
	EndGlobalSection
	GlobalSection(ProjectConfigurationPlatforms) = postSolution
		{2648A7D9-0D83-4D8F-BD88-9FC891879107}.Debug|Any CPU.ActiveCfg = Debug|Any CPU
		{2648A7D9-0D83-4D8F-BD88-9FC891879107}.Debug|Any CPU.Build.0 = Debug|Any CPU
		{2648A7D9-0D83-4D8F-BD88-9FC891879107}.Release|Any CPU.ActiveCfg = Release|Any CPU
		{2648A7D9-0D83-4D8F-BD88-9FC891879107}.Release|Any CPU.Build.0 = Release|Any CPU
		{6A660CCA-32BD-479F-A50B-84714AE7096E}.Debug|Any CPU.ActiveCfg = Debug|Any CPU
		{6A660CCA-32BD-479F-A50B-84714AE7096E}.Debug|Any CPU.Build.0 = Debug|Any CPU
		{6A660CCA-32BD-479F-A50B-84714AE7096E}.Release|Any CPU.ActiveCfg = Release|Any CPU
		{6A660CCA-32BD-479F-A50B-84714AE7096E}.Release|Any CPU.Build.0 = Release|Any CPU
		{EE8DC560-FD82-4D15-819C-CB9F39F2FAC9}.Debug|Any CPU.ActiveCfg = Debug|Any CPU
		{EE8DC560-FD82-4D15-819C-CB9F39F2FAC9}.Debug|Any CPU.Build.0 = Debug|Any CPU
		{EE8DC560-FD82-4D15-819C-CB9F39F2FAC9}.Release|Any CPU.ActiveCfg = Release|Any CPU
		{EE8DC560-FD82-4D15-819C-CB9F39F2FAC9}.Release|Any CPU.Build.0 = Release|Any CPU
		{0BEB700D-97A6-4B4B-BD5F-2DC06883698C}.Debug|Any CPU.ActiveCfg = Debug|Any CPU
		{0BEB700D-97A6-4B4B-BD5F-2DC06883698C}.Debug|Any CPU.Build.0 = Debug|Any CPU
		{0BEB700D-97A6-4B4B-BD5F-2DC06883698C}.Release|Any CPU.ActiveCfg = Release|Any CPU
		{0BEB700D-97A6-4B4B-BD5F-2DC06883698C}.Release|Any CPU.Build.0 = Release|Any CPU
		{9F9063B5-D447-461C-A278-DA38B9CF6312}.Debug|Any CPU.ActiveCfg = Debug|Any CPU
		{9F9063B5-D447-461C-A278-DA38B9CF6312}.Debug|Any CPU.Build.0 = Debug|Any CPU
		{9F9063B5-D447-461C-A278-DA38B9CF6312}.Release|Any CPU.ActiveCfg = Release|Any CPU
		{9F9063B5-D447-461C-A278-DA38B9CF6312}.Release|Any CPU.Build.0 = Release|Any CPU
	EndGlobalSection
	GlobalSection(SolutionProperties) = preSolution
		HideSolutionNode = FALSE
	EndGlobalSection
	GlobalSection(NestedProjects) = preSolution
		{9F9063B5-D447-461C-A278-DA38B9CF6312} = {C750C8D7-6AE7-4642-9656-5D6CCBBA6D78}
	EndGlobalSection
EndGlobal
